
Microsoft Visual Studio Solution File, Format Version 12.00
# Visual Studio Version 17
VisualStudioVersion = 17.14.36221.1 d17.14
MinimumVisualStudioVersion = 10.0.40219.1
Project("{FAE04EC0-301F-11D3-BF4B-00C04F79EFBC}") = "myhomework(1)", "myhomework(1)\myhomework(1).csproj", "{4BF53F11-A787-45D5-A3DC-3592057BA15F}"
EndProject
Global
	GlobalSection(SolutionConfigurationPlatforms) = preSolution
		Debug|Any CPU = Debug|Any CPU
		Release|Any CPU = Release|Any CPU
	EndGlobalSection
	GlobalSection(ProjectConfigurationPlatforms) = postSolution
		{4BF53F11-A787-45D5-A3DC-3592057BA15F}.Debug|Any CPU.ActiveCfg = Debug|Any CPU
		{4BF53F11-A787-45D5-A3DC-3592057BA15F}.Debug|Any CPU.Build.0 = Debug|Any CPU
		{4BF53F11-A787-45D5-A3DC-3592057BA15F}.Release|Any CPU.ActiveCfg = Release|Any CPU
		{4BF53F11-A787-45D5-A3DC-3592057BA15F}.Release|Any CPU.Build.0 = Release|Any CPU
	EndGlobalSection
	GlobalSection(SolutionProperties) = preSolution
		HideSolutionNode = FALSE
	EndGlobalSection
	GlobalSection(ExtensibilityGlobals) = postSolution
		SolutionGuid = {32BD35F7-4C39-4C86-8666-22F49141A635}
	EndGlobalSection
EndGlobal
